
Microsoft Visual Studio Solution File, Format Version 12.00
# Visual Studio 15
VisualStudioVersion = 15.0.26430.6
MinimumVisualStudioVersion = 10.0.40219.1
Project("{FAE04EC0-301F-11D3-BF4B-00C04F79EFBC}") = "Test.Android", "Test\Test.Android\Test.Android.csproj", "{C5475AD7-2A95-40DA-8CA7-EF7D3DDBC971}"
EndProject
Project("{FAE04EC0-301F-11D3-BF4B-00C04F79EFBC}") = "Test", "Test\Test\Test.csproj", "{6C60E5B8-F005-4891-8747-430D28DB81A2}"
EndProject
Project("{FAE04EC0-301F-11D3-BF4B-00C04F79EFBC}") = "Test.UWP", "Test\Test.UWP\Test.UWP.csproj", "{888B38C9-D208-4C58-8D5C-C451BF1B8786}"
EndProject
Project("{FAE04EC0-301F-11D3-BF4B-00C04F79EFBC}") = "Test.iOS", "Test\Test.iOS\Test.iOS.csproj", "{E87C362B-4E13-42CA-A75A-0DAC8EA3254B}"
EndProject
Global
	GlobalSection(SolutionConfigurationPlatforms) = preSolution
		Ad-Hoc|Any CPU = Ad-Hoc|Any CPU
		Ad-Hoc|ARM = Ad-Hoc|ARM
		Ad-Hoc|iPhone = Ad-Hoc|iPhone
		Ad-Hoc|iPhoneSimulator = Ad-Hoc|iPhoneSimulator
		Ad-Hoc|x64 = Ad-Hoc|x64
		Ad-Hoc|x86 = Ad-Hoc|x86
		AppStore|Any CPU = AppStore|Any CPU
		AppStore|ARM = AppStore|ARM
		AppStore|iPhone = AppStore|iPhone
		AppStore|iPhoneSimulator = AppStore|iPhoneSimulator
		AppStore|x64 = AppStore|x64
		AppStore|x86 = AppStore|x86
		Debug|Any CPU = Debug|Any CPU
		Debug|ARM = Debug|ARM
		Debug|iPhone = Debug|iPhone
		Debug|iPhoneSimulator = Debug|iPhoneSimulator
		Debug|x64 = Debug|x64
		Debug|x86 = Debug|x86
		Release|Any CPU = Release|Any CPU
		Release|ARM = Release|ARM
		Release|iPhone = Release|iPhone
		Release|iPhoneSimulator = Release|iPhoneSimulator
		Release|x64 = Release|x64
		Release|x86 = Release|x86
	EndGlobalSection
	GlobalSection(ProjectConfigurationPlatforms) = postSolution
		{C5475AD7-2A95-40DA-8CA7-EF7D3DDBC971}.Ad-Hoc|Any CPU.ActiveCfg = Release|Any CPU
		{C5475AD7-2A95-40DA-8CA7-EF7D3DDBC971}.Ad-Hoc|Any CPU.Build.0 = Release|Any CPU
		{C5475AD7-2A95-40DA-8CA7-EF7D3DDBC971}.Ad-Hoc|Any CPU.Deploy.0 = Release|Any CPU
		{C5475AD7-2A95-40DA-8CA7-EF7D3DDBC971}.Ad-Hoc|ARM.ActiveCfg = Release|Any CPU
		{C5475AD7-2A95-40DA-8CA7-EF7D3DDBC971}.Ad-Hoc|ARM.Build.0 = Release|Any CPU
		{C5475AD7-2A95-40DA-8CA7-EF7D3DDBC971}.Ad-Hoc|ARM.Deploy.0 = Release|Any CPU
		{C5475AD7-2A95-40DA-8CA7-EF7D3DDBC971}.Ad-Hoc|iPhone.ActiveCfg = Release|Any CPU
		{C5475AD7-2A95-40DA-8CA7-EF7D3DDBC971}.Ad-Hoc|iPhone.Build.0 = Release|Any CPU
		{C5475AD7-2A95-40DA-8CA7-EF7D3DDBC971}.Ad-Hoc|iPhone.Deploy.0 = Release|Any CPU
		{C5475AD7-2A95-40DA-8CA7-EF7D3DDBC971}.Ad-Hoc|iPhoneSimulator.ActiveCfg = Release|Any CPU
		{C5475AD7-2A95-40DA-8CA7-EF7D3DDBC971}.Ad-Hoc|iPhoneSimulator.Build.0 = Release|Any CPU
		{C5475AD7-2A95-40DA-8CA7-EF7D3DDBC971}.Ad-Hoc|iPhoneSimulator.Deploy.0 = Release|Any CPU
		{C5475AD7-2A95-40DA-8CA7-EF7D3DDBC971}.Ad-Hoc|x64.ActiveCfg = Release|Any CPU
		{C5475AD7-2A95-40DA-8CA7-EF7D3DDBC971}.Ad-Hoc|x64.Build.0 = Release|Any CPU
		{C5475AD7-2A95-40DA-8CA7-EF7D3DDBC971}.Ad-Hoc|x64.Deploy.0 = Release|Any CPU
		{C5475AD7-2A95-40DA-8CA7-EF7D3DDBC971}.Ad-Hoc|x86.ActiveCfg = Release|Any CPU
		{C5475AD7-2A95-40DA-8CA7-EF7D3DDBC971}.Ad-Hoc|x86.Build.0 = Release|Any CPU
		{C5475AD7-2A95-40DA-8CA7-EF7D3DDBC971}.Ad-Hoc|x86.Deploy.0 = Release|Any CPU
		{C5475AD7-2A95-40DA-8CA7-EF7D3DDBC971}.AppStore|Any CPU.ActiveCfg = Release|Any CPU
		{C5475AD7-2A95-40DA-8CA7-EF7D3DDBC971}.AppStore|Any CPU.Build.0 = Release|Any CPU
		{C5475AD7-2A95-40DA-8CA7-EF7D3DDBC971}.AppStore|Any CPU.Deploy.0 = Release|Any CPU
		{C5475AD7-2A95-40DA-8CA7-EF7D3DDBC971}.AppStore|ARM.ActiveCfg = Release|Any CPU
		{C5475AD7-2A95-40DA-8CA7-EF7D3DDBC971}.AppStore|ARM.Build.0 = Release|Any CPU
		{C5475AD7-2A95-40DA-8CA7-EF7D3DDBC971}.AppStore|ARM.Deploy.0 = Release|Any CPU
		{C5475AD7-2A95-40DA-8CA7-EF7D3DDBC971}.AppStore|iPhone.ActiveCfg = Release|Any CPU
		{C5475AD7-2A95-40DA-8CA7-EF7D3DDBC971}.AppStore|iPhone.Build.0 = Release|Any CPU
		{C5475AD7-2A95-40DA-8CA7-EF7D3DDBC971}.AppStore|iPhone.Deploy.0 = Release|Any CPU
		{C5475AD7-2A95-40DA-8CA7-EF7D3DDBC971}.AppStore|iPhoneSimulator.ActiveCfg = Release|Any CPU
		{C5475AD7-2A95-40DA-8CA7-EF7D3DDBC971}.AppStore|iPhoneSimulator.Build.0 = Release|Any CPU
		{C5475AD7-2A95-40DA-8CA7-EF7D3DDBC971}.AppStore|iPhoneSimulator.Deploy.0 = Release|Any CPU
		{C5475AD7-2A95-40DA-8CA7-EF7D3DDBC971}.AppStore|x64.ActiveCfg = Release|Any CPU
		{C5475AD7-2A95-40DA-8CA7-EF7D3DDBC971}.AppStore|x64.Build.0 = Release|Any CPU
		{C5475AD7-2A95-40DA-8CA7-EF7D3DDBC971}.AppStore|x64.Deploy.0 = Release|Any CPU
		{C5475AD7-2A95-40DA-8CA7-EF7D3DDBC971}.AppStore|x86.ActiveCfg = Release|Any CPU
		{C5475AD7-2A95-40DA-8CA7-EF7D3DDBC971}.AppStore|x86.Build.0 = Release|Any CPU
		{C5475AD7-2A95-40DA-8CA7-EF7D3DDBC971}.AppStore|x86.Deploy.0 = Release|Any CPU
		{C5475AD7-2A95-40DA-8CA7-EF7D3DDBC971}.Debug|Any CPU.ActiveCfg = Debug|Any CPU
		{C5475AD7-2A95-40DA-8CA7-EF7D3DDBC971}.Debug|Any CPU.Build.0 = Debug|Any CPU
		{C5475AD7-2A95-40DA-8CA7-EF7D3DDBC971}.Debug|Any CPU.Deploy.0 = Debug|Any CPU
		{C5475AD7-2A95-40DA-8CA7-EF7D3DDBC971}.Debug|ARM.ActiveCfg = Debug|Any CPU
		{C5475AD7-2A95-40DA-8CA7-EF7D3DDBC971}.Debug|ARM.Build.0 = Debug|Any CPU
		{C5475AD7-2A95-40DA-8CA7-EF7D3DDBC971}.Debug|ARM.Deploy.0 = Debug|Any CPU
		{C5475AD7-2A95-40DA-8CA7-EF7D3DDBC971}.Debug|iPhone.ActiveCfg = Debug|Any CPU
		{C5475AD7-2A95-40DA-8CA7-EF7D3DDBC971}.Debug|iPhone.Build.0 = Debug|Any CPU
		{C5475AD7-2A95-40DA-8CA7-EF7D3DDBC971}.Debug|iPhone.Deploy.0 = Debug|Any CPU
		{C5475AD7-2A95-40DA-8CA7-EF7D3DDBC971}.Debug|iPhoneSimulator.ActiveCfg = Debug|Any CPU
		{C5475AD7-2A95-40DA-8CA7-EF7D3DDBC971}.Debug|iPhoneSimulator.Build.0 = Debug|Any CPU
		{C5475AD7-2A95-40DA-8CA7-EF7D3DDBC971}.Debug|iPhoneSimulator.Deploy.0 = Debug|Any CPU
		{C5475AD7-2A95-40DA-8CA7-EF7D3DDBC971}.Debug|x64.ActiveCfg = Debug|Any CPU
		{C5475AD7-2A95-40DA-8CA7-EF7D3DDBC971}.Debug|x64.Build.0 = Debug|Any CPU
		{C5475AD7-2A95-40DA-8CA7-EF7D3DDBC971}.Debug|x64.Deploy.0 = Debug|Any CPU
		{C5475AD7-2A95-40DA-8CA7-EF7D3DDBC971}.Debug|x86.ActiveCfg = Debug|Any CPU
		{C5475AD7-2A95-40DA-8CA7-EF7D3DDBC971}.Debug|x86.Build.0 = Debug|Any CPU
		{C5475AD7-2A95-40DA-8CA7-EF7D3DDBC971}.Debug|x86.Deploy.0 = Debug|Any CPU
		{C5475AD7-2A95-40DA-8CA7-EF7D3DDBC971}.Release|Any CPU.ActiveCfg = Release|Any CPU
		{C5475AD7-2A95-40DA-8CA7-EF7D3DDBC971}.Release|Any CPU.Build.0 = Release|Any CPU
		{C5475AD7-2A95-40DA-8CA7-EF7D3DDBC971}.Release|Any CPU.Deploy.0 = Release|Any CPU
		{C5475AD7-2A95-40DA-8CA7-EF7D3DDBC971}.Release|ARM.ActiveCfg = Release|Any CPU
		{C5475AD7-2A95-40DA-8CA7-EF7D3DDBC971}.Release|ARM.Build.0 = Release|Any CPU
		{C5475AD7-2A95-40DA-8CA7-EF7D3DDBC971}.Release|ARM.Deploy.0 = Release|Any CPU
		{C5475AD7-2A95-40DA-8CA7-EF7D3DDBC971}.Release|iPhone.ActiveCfg = Release|Any CPU
		{C5475AD7-2A95-40DA-8CA7-EF7D3DDBC971}.Release|iPhone.Build.0 = Release|Any CPU
		{C5475AD7-2A95-40DA-8CA7-EF7D3DDBC971}.Release|iPhone.Deploy.0 = Release|Any CPU
		{C5475AD7-2A95-40DA-8CA7-EF7D3DDBC971}.Release|iPhoneSimulator.ActiveCfg = Release|Any CPU
		{C5475AD7-2A95-40DA-8CA7-EF7D3DDBC971}.Release|iPhoneSimulator.Build.0 = Release|Any CPU
		{C5475AD7-2A95-40DA-8CA7-EF7D3DDBC971}.Release|iPhoneSimulator.Deploy.0 = Release|Any CPU
		{C5475AD7-2A95-40DA-8CA7-EF7D3DDBC971}.Release|x64.ActiveCfg = Release|Any CPU
		{C5475AD7-2A95-40DA-8CA7-EF7D3DDBC971}.Release|x64.Build.0 = Release|Any CPU
		{C5475AD7-2A95-40DA-8CA7-EF7D3DDBC971}.Release|x64.Deploy.0 = Release|Any CPU
		{C5475AD7-2A95-40DA-8CA7-EF7D3DDBC971}.Release|x86.ActiveCfg = Release|Any CPU
		{C5475AD7-2A95-40DA-8CA7-EF7D3DDBC971}.Release|x86.Build.0 = Release|Any CPU
		{C5475AD7-2A95-40DA-8CA7-EF7D3DDBC971}.Release|x86.Deploy.0 = Release|Any CPU
		{6C60E5B8-F005-4891-8747-430D28DB81A2}.Ad-Hoc|Any CPU.ActiveCfg = Release|Any CPU
		{6C60E5B8-F005-4891-8747-430D28DB81A2}.Ad-Hoc|Any CPU.Build.0 = Release|Any CPU
		{6C60E5B8-F005-4891-8747-430D28DB81A2}.Ad-Hoc|ARM.ActiveCfg = Release|Any CPU
		{6C60E5B8-F005-4891-8747-430D28DB81A2}.Ad-Hoc|ARM.Build.0 = Release|Any CPU
		{6C60E5B8-F005-4891-8747-430D28DB81A2}.Ad-Hoc|iPhone.ActiveCfg = Release|Any CPU
		{6C60E5B8-F005-4891-8747-430D28DB81A2}.Ad-Hoc|iPhone.Build.0 = Release|Any CPU
		{6C60E5B8-F005-4891-8747-430D28DB81A2}.Ad-Hoc|iPhoneSimulator.ActiveCfg = Release|Any CPU
		{6C60E5B8-F005-4891-8747-430D28DB81A2}.Ad-Hoc|iPhoneSimulator.Build.0 = Release|Any CPU
		{6C60E5B8-F005-4891-8747-430D28DB81A2}.Ad-Hoc|x64.ActiveCfg = Release|Any CPU
		{6C60E5B8-F005-4891-8747-430D28DB81A2}.Ad-Hoc|x64.Build.0 = Release|Any CPU
		{6C60E5B8-F005-4891-8747-430D28DB81A2}.Ad-Hoc|x86.ActiveCfg = Release|Any CPU
		{6C60E5B8-F005-4891-8747-430D28DB81A2}.Ad-Hoc|x86.Build.0 = Release|Any CPU
		{6C60E5B8-F005-4891-8747-430D28DB81A2}.AppStore|Any CPU.ActiveCfg = Release|Any CPU
		{6C60E5B8-F005-4891-8747-430D28DB81A2}.AppStore|Any CPU.Build.0 = Release|Any CPU
		{6C60E5B8-F005-4891-8747-430D28DB81A2}.AppStore|ARM.ActiveCfg = Release|Any CPU
		{6C60E5B8-F005-4891-8747-430D28DB81A2}.AppStore|ARM.Build.0 = Release|Any CPU
		{6C60E5B8-F005-4891-8747-430D28DB81A2}.AppStore|iPhone.ActiveCfg = Release|Any CPU
		{6C60E5B8-F005-4891-8747-430D28DB81A2}.AppStore|iPhone.Build.0 = Release|Any CPU
		{6C60E5B8-F005-4891-8747-430D28DB81A2}.AppStore|iPhoneSimulator.ActiveCfg = Release|Any CPU
		{6C60E5B8-F005-4891-8747-430D28DB81A2}.AppStore|iPhoneSimulator.Build.0 = Release|Any CPU
		{6C60E5B8-F005-4891-8747-430D28DB81A2}.AppStore|x64.ActiveCfg = Release|Any CPU
		{6C60E5B8-F005-4891-8747-430D28DB81A2}.AppStore|x64.Build.0 = Release|Any CPU
		{6C60E5B8-F005-4891-8747-430D28DB81A2}.AppStore|x86.ActiveCfg = Release|Any CPU
		{6C60E5B8-F005-4891-8747-430D28DB81A2}.AppStore|x86.Build.0 = Release|Any CPU
		{6C60E5B8-F005-4891-8747-430D28DB81A2}.Debug|Any CPU.ActiveCfg = Debug|Any CPU
		{6C60E5B8-F005-4891-8747-430D28DB81A2}.Debug|Any CPU.Build.0 = Debug|Any CPU
		{6C60E5B8-F005-4891-8747-430D28DB81A2}.Debug|ARM.ActiveCfg = Debug|Any CPU
		{6C60E5B8-F005-4891-8747-430D28DB81A2}.Debug|ARM.Build.0 = Debug|Any CPU
		{6C60E5B8-F005-4891-8747-430D28DB81A2}.Debug|iPhone.ActiveCfg = Debug|Any CPU
		{6C60E5B8-F005-4891-8747-430D28DB81A2}.Debug|iPhone.Build.0 = Debug|Any CPU
		{6C60E5B8-F005-4891-8747-430D28DB81A2}.Debug|iPhoneSimulator.ActiveCfg = Debug|Any CPU
		{6C60E5B8-F005-4891-8747-430D28DB81A2}.Debug|iPhoneSimulator.Build.0 = Debug|Any CPU
		{6C60E5B8-F005-4891-8747-430D28DB81A2}.Debug|x64.ActiveCfg = Debug|Any CPU
		{6C60E5B8-F005-4891-8747-430D28DB81A2}.Debug|x64.Build.0 = Debug|Any CPU
		{6C60E5B8-F005-4891-8747-430D28DB81A2}.Debug|x86.ActiveCfg = Debug|Any CPU
		{6C60E5B8-F005-4891-8747-430D28DB81A2}.Debug|x86.Build.0 = Debug|Any CPU
		{6C60E5B8-F005-4891-8747-430D28DB81A2}.Release|Any CPU.ActiveCfg = Release|Any CPU
		{6C60E5B8-F005-4891-8747-430D28DB81A2}.Release|Any CPU.Build.0 = Release|Any CPU
		{6C60E5B8-F005-4891-8747-430D28DB81A2}.Release|ARM.ActiveCfg = Release|Any CPU
		{6C60E5B8-F005-4891-8747-430D28DB81A2}.Release|ARM.Build.0 = Release|Any CPU
		{6C60E5B8-F005-4891-8747-430D28DB81A2}.Release|iPhone.ActiveCfg = Release|Any CPU
		{6C60E5B8-F005-4891-8747-430D28DB81A2}.Release|iPhone.Build.0 = Release|Any CPU
		{6C60E5B8-F005-4891-8747-430D28DB81A2}.Release|iPhoneSimulator.ActiveCfg = Release|Any CPU
		{6C60E5B8-F005-4891-8747-430D28DB81A2}.Release|iPhoneSimulator.Build.0 = Release|Any CPU
		{6C60E5B8-F005-4891-8747-430D28DB81A2}.Release|x64.ActiveCfg = Release|Any CPU
		{6C60E5B8-F005-4891-8747-430D28DB81A2}.Release|x64.Build.0 = Release|Any CPU
		{6C60E5B8-F005-4891-8747-430D28DB81A2}.Release|x86.ActiveCfg = Release|Any CPU
		{6C60E5B8-F005-4891-8747-430D28DB81A2}.Release|x86.Build.0 = Release|Any CPU
		{888B38C9-D208-4C58-8D5C-C451BF1B8786}.Ad-Hoc|Any CPU.ActiveCfg = Release|x86
		{888B38C9-D208-4C58-8D5C-C451BF1B8786}.Ad-Hoc|Any CPU.Build.0 = Release|x86
		{888B38C9-D208-4C58-8D5C-C451BF1B8786}.Ad-Hoc|Any CPU.Deploy.0 = Release|x86
		{888B38C9-D208-4C58-8D5C-C451BF1B8786}.Ad-Hoc|ARM.ActiveCfg = Release|ARM
		{888B38C9-D208-4C58-8D5C-C451BF1B8786}.Ad-Hoc|ARM.Build.0 = Release|ARM
		{888B38C9-D208-4C58-8D5C-C451BF1B8786}.Ad-Hoc|ARM.Deploy.0 = Release|ARM
		{888B38C9-D208-4C58-8D5C-C451BF1B8786}.Ad-Hoc|iPhone.ActiveCfg = Release|x86
		{888B38C9-D208-4C58-8D5C-C451BF1B8786}.Ad-Hoc|iPhone.Build.0 = Release|x86
		{888B38C9-D208-4C58-8D5C-C451BF1B8786}.Ad-Hoc|iPhone.Deploy.0 = Release|x86
		{888B38C9-D208-4C58-8D5C-C451BF1B8786}.Ad-Hoc|iPhoneSimulator.ActiveCfg = Release|x86
		{888B38C9-D208-4C58-8D5C-C451BF1B8786}.Ad-Hoc|iPhoneSimulator.Build.0 = Release|x86
		{888B38C9-D208-4C58-8D5C-C451BF1B8786}.Ad-Hoc|iPhoneSimulator.Deploy.0 = Release|x86
		{888B38C9-D208-4C58-8D5C-C451BF1B8786}.Ad-Hoc|x64.ActiveCfg = Release|x64
		{888B38C9-D208-4C58-8D5C-C451BF1B8786}.Ad-Hoc|x64.Build.0 = Release|x64
		{888B38C9-D208-4C58-8D5C-C451BF1B8786}.Ad-Hoc|x64.Deploy.0 = Release|x64
		{888B38C9-D208-4C58-8D5C-C451BF1B8786}.Ad-Hoc|x86.ActiveCfg = Release|x86
		{888B38C9-D208-4C58-8D5C-C451BF1B8786}.Ad-Hoc|x86.Build.0 = Release|x86
		{888B38C9-D208-4C58-8D5C-C451BF1B8786}.Ad-Hoc|x86.Deploy.0 = Release|x86
		{888B38C9-D208-4C58-8D5C-C451BF1B8786}.AppStore|Any CPU.ActiveCfg = Release|x86
		{888B38C9-D208-4C58-8D5C-C451BF1B8786}.AppStore|Any CPU.Build.0 = Release|x86
		{888B38C9-D208-4C58-8D5C-C451BF1B8786}.AppStore|Any CPU.Deploy.0 = Release|x86
		{888B38C9-D208-4C58-8D5C-C451BF1B8786}.AppStore|ARM.ActiveCfg = Release|ARM
		{888B38C9-D208-4C58-8D5C-C451BF1B8786}.AppStore|ARM.Build.0 = Release|ARM
		{888B38C9-D208-4C58-8D5C-C451BF1B8786}.AppStore|ARM.Deploy.0 = Release|ARM
		{888B38C9-D208-4C58-8D5C-C451BF1B8786}.AppStore|iPhone.ActiveCfg = Release|x86
		{888B38C9-D208-4C58-8D5C-C451BF1B8786}.AppStore|iPhone.Build.0 = Release|x86
		{888B38C9-D208-4C58-8D5C-C451BF1B8786}.AppStore|iPhone.Deploy.0 = Release|x86
		{888B38C9-D208-4C58-8D5C-C451BF1B8786}.AppStore|iPhoneSimulator.ActiveCfg = Release|x86
		{888B38C9-D208-4C58-8D5C-C451BF1B8786}.AppStore|iPhoneSimulator.Build.0 = Release|x86
		{888B38C9-D208-4C58-8D5C-C451BF1B8786}.AppStore|iPhoneSimulator.Deploy.0 = Release|x86
		{888B38C9-D208-4C58-8D5C-C451BF1B8786}.AppStore|x64.ActiveCfg = Release|x64
		{888B38C9-D208-4C58-8D5C-C451BF1B8786}.AppStore|x64.Build.0 = Release|x64
		{888B38C9-D208-4C58-8D5C-C451BF1B8786}.AppStore|x64.Deploy.0 = Release|x64
		{888B38C9-D208-4C58-8D5C-C451BF1B8786}.AppStore|x86.ActiveCfg = Release|x86
		{888B38C9-D208-4C58-8D5C-C451BF1B8786}.AppStore|x86.Build.0 = Release|x86
		{888B38C9-D208-4C58-8D5C-C451BF1B8786}.AppStore|x86.Deploy.0 = Release|x86
		{888B38C9-D208-4C58-8D5C-C451BF1B8786}.Debug|Any CPU.ActiveCfg = Debug|x86
		{888B38C9-D208-4C58-8D5C-C451BF1B8786}.Debug|ARM.ActiveCfg = Debug|ARM
		{888B38C9-D208-4C58-8D5C-C451BF1B8786}.Debug|ARM.Build.0 = Debug|ARM
		{888B38C9-D208-4C58-8D5C-C451BF1B8786}.Debug|ARM.Deploy.0 = Debug|ARM
		{888B38C9-D208-4C58-8D5C-C451BF1B8786}.Debug|iPhone.ActiveCfg = Debug|x86
		{888B38C9-D208-4C58-8D5C-C451BF1B8786}.Debug|iPhoneSimulator.ActiveCfg = Debug|x86
		{888B38C9-D208-4C58-8D5C-C451BF1B8786}.Debug|x64.ActiveCfg = Debug|x64
		{888B38C9-D208-4C58-8D5C-C451BF1B8786}.Debug|x64.Build.0 = Debug|x64
		{888B38C9-D208-4C58-8D5C-C451BF1B8786}.Debug|x64.Deploy.0 = Debug|x64
		{888B38C9-D208-4C58-8D5C-C451BF1B8786}.Debug|x86.ActiveCfg = Debug|x86
		{888B38C9-D208-4C58-8D5C-C451BF1B8786}.Debug|x86.Build.0 = Debug|x86
		{888B38C9-D208-4C58-8D5C-C451BF1B8786}.Debug|x86.Deploy.0 = Debug|x86
		{888B38C9-D208-4C58-8D5C-C451BF1B8786}.Release|Any CPU.ActiveCfg = Release|x86
		{888B38C9-D208-4C58-8D5C-C451BF1B8786}.Release|ARM.ActiveCfg = Release|ARM
		{888B38C9-D208-4C58-8D5C-C451BF1B8786}.Release|ARM.Build.0 = Release|ARM
		{888B38C9-D208-4C58-8D5C-C451BF1B8786}.Release|ARM.Deploy.0 = Release|ARM
		{888B38C9-D208-4C58-8D5C-C451BF1B8786}.Release|iPhone.ActiveCfg = Release|x86
		{888B38C9-D208-4C58-8D5C-C451BF1B8786}.Release|iPhoneSimulator.ActiveCfg = Release|x86
		{888B38C9-D208-4C58-8D5C-C451BF1B8786}.Release|x64.ActiveCfg = Release|x64
		{888B38C9-D208-4C58-8D5C-C451BF1B8786}.Release|x64.Build.0 = Release|x64
		{888B38C9-D208-4C58-8D5C-C451BF1B8786}.Release|x64.Deploy.0 = Release|x64
		{888B38C9-D208-4C58-8D5C-C451BF1B8786}.Release|x86.ActiveCfg = Release|x86
		{888B38C9-D208-4C58-8D5C-C451BF1B8786}.Release|x86.Build.0 = Release|x86
		{888B38C9-D208-4C58-8D5C-C451BF1B8786}.Release|x86.Deploy.0 = Release|x86
		{E87C362B-4E13-42CA-A75A-0DAC8EA3254B}.Ad-Hoc|Any CPU.ActiveCfg = Ad-Hoc|iPhone
		{E87C362B-4E13-42CA-A75A-0DAC8EA3254B}.Ad-Hoc|ARM.ActiveCfg = Ad-Hoc|iPhone
		{E87C362B-4E13-42CA-A75A-0DAC8EA3254B}.Ad-Hoc|iPhone.ActiveCfg = Ad-Hoc|iPhone
		{E87C362B-4E13-42CA-A75A-0DAC8EA3254B}.Ad-Hoc|iPhone.Build.0 = Ad-Hoc|iPhone
		{E87C362B-4E13-42CA-A75A-0DAC8EA3254B}.Ad-Hoc|iPhoneSimulator.ActiveCfg = Ad-Hoc|iPhoneSimulator
		{E87C362B-4E13-42CA-A75A-0DAC8EA3254B}.Ad-Hoc|iPhoneSimulator.Build.0 = Ad-Hoc|iPhoneSimulator
		{E87C362B-4E13-42CA-A75A-0DAC8EA3254B}.Ad-Hoc|x64.ActiveCfg = Ad-Hoc|iPhone
		{E87C362B-4E13-42CA-A75A-0DAC8EA3254B}.Ad-Hoc|x86.ActiveCfg = Ad-Hoc|iPhone
		{E87C362B-4E13-42CA-A75A-0DAC8EA3254B}.AppStore|Any CPU.ActiveCfg = AppStore|iPhone
		{E87C362B-4E13-42CA-A75A-0DAC8EA3254B}.AppStore|ARM.ActiveCfg = AppStore|iPhone
		{E87C362B-4E13-42CA-A75A-0DAC8EA3254B}.AppStore|iPhone.ActiveCfg = AppStore|iPhone
		{E87C362B-4E13-42CA-A75A-0DAC8EA3254B}.AppStore|iPhone.Build.0 = AppStore|iPhone
		{E87C362B-4E13-42CA-A75A-0DAC8EA3254B}.AppStore|iPhoneSimulator.ActiveCfg = AppStore|iPhoneSimulator
		{E87C362B-4E13-42CA-A75A-0DAC8EA3254B}.AppStore|iPhoneSimulator.Build.0 = AppStore|iPhoneSimulator
		{E87C362B-4E13-42CA-A75A-0DAC8EA3254B}.AppStore|x64.ActiveCfg = AppStore|iPhone
		{E87C362B-4E13-42CA-A75A-0DAC8EA3254B}.AppStore|x86.ActiveCfg = AppStore|iPhone
		{E87C362B-4E13-42CA-A75A-0DAC8EA3254B}.Debug|Any CPU.ActiveCfg = Debug|iPhone
		{E87C362B-4E13-42CA-A75A-0DAC8EA3254B}.Debug|ARM.ActiveCfg = Debug|iPhone
		{E87C362B-4E13-42CA-A75A-0DAC8EA3254B}.Debug|iPhone.ActiveCfg = Debug|iPhone
		{E87C362B-4E13-42CA-A75A-0DAC8EA3254B}.Debug|iPhone.Build.0 = Debug|iPhone
		{E87C362B-4E13-42CA-A75A-0DAC8EA3254B}.Debug|iPhoneSimulator.ActiveCfg = Debug|iPhoneSimulator
		{E87C362B-4E13-42CA-A75A-0DAC8EA3254B}.Debug|iPhoneSimulator.Build.0 = Debug|iPhoneSimulator
		{E87C362B-4E13-42CA-A75A-0DAC8EA3254B}.Debug|x64.ActiveCfg = Debug|iPhone
		{E87C362B-4E13-42CA-A75A-0DAC8EA3254B}.Debug|x86.ActiveCfg = Debug|iPhone
		{E87C362B-4E13-42CA-A75A-0DAC8EA3254B}.Release|Any CPU.ActiveCfg = Release|iPhone
		{E87C362B-4E13-42CA-A75A-0DAC8EA3254B}.Release|ARM.ActiveCfg = Release|iPhone
		{E87C362B-4E13-42CA-A75A-0DAC8EA3254B}.Release|iPhone.ActiveCfg = Release|iPhone
		{E87C362B-4E13-42CA-A75A-0DAC8EA3254B}.Release|iPhone.Build.0 = Release|iPhone
		{E87C362B-4E13-42CA-A75A-0DAC8EA3254B}.Release|iPhoneSimulator.ActiveCfg = Release|iPhoneSimulator
		{E87C362B-4E13-42CA-A75A-0DAC8EA3254B}.Release|iPhoneSimulator.Build.0 = Release|iPhoneSimulator
		{E87C362B-4E13-42CA-A75A-0DAC8EA3254B}.Release|x64.ActiveCfg = Release|iPhone
		{E87C362B-4E13-42CA-A75A-0DAC8EA3254B}.Release|x86.ActiveCfg = Release|iPhone
	EndGlobalSection
	GlobalSection(SolutionProperties) = preSolution
		HideSolutionNode = FALSE
	EndGlobalSection
EndGlobal
